// !$*UTF8*$!
{
	archiveVersion = 1;
	classes = {
	};
	objectVersion = 55;
	objects = {

/* Begin PBXBuildFile section */
		4C40755E29BFFF7300B4F42C /* main.cpp in Sources */ = {isa = PBXBuildFile; fileRef = 4C40755D29BFFF7300B4F42C /* main.cpp */; };
		4C40756629C0007E00B4F42C /* OpenGL.framework in Frameworks */ = {isa = PBXBuildFile; fileRef = 4C40756529C0007E00B4F42C /* OpenGL.framework */; };
		4C40756829C0008A00B4F42C /* CoreGraphics.framework in Frameworks */ = {isa = PBXBuildFile; fileRef = 4C40756729C0008A00B4F42C /* CoreGraphics.framework */; };
		4C40756A29C0008F00B4F42C /* IOKit.framework in Frameworks */ = {isa = PBXBuildFile; fileRef = 4C40756929C0008F00B4F42C /* IOKit.framework */; };
		4C40756C29C000A900B4F42C /* libglfw.3.3.dylib in Frameworks */ = {isa = PBXBuildFile; fileRef = 4C40756B29C000A900B4F42C /* libglfw.3.3.dylib */; };
		4C40757029C022C800B4F42C /* Application.cpp in Sources */ = {isa = PBXBuildFile; fileRef = 4C40756F29C022C800B4F42C /* Application.cpp */; };
		4C40757429C02B4B00B4F42C /* f_stopwatch.cpp in Sources */ = {isa = PBXBuildFile; fileRef = 4C40757329C02B4B00B4F42C /* f_stopwatch.cpp */; };
/* End PBXBuildFile section */

/* Begin PBXCopyFilesBuildPhase section */
		4C40755829BFFF7300B4F42C /* CopyFiles */ = {
			isa = PBXCopyFilesBuildPhase;
			buildActionMask = 2147483647;
			dstPath = /usr/share/man/man1/;
			dstSubfolderSpec = 0;
			files = (
			);
			runOnlyForDeploymentPostprocessing = 1;
		};
/* End PBXCopyFilesBuildPhase section */

/* Begin PBXFileReference section */
		4C40755A29BFFF7300B4F42C /* graphics-library-interface */ = {isa = PBXFileReference; explicitFileType = "compiled.mach-o.executable"; includeInIndex = 0; path = "graphics-library-interface"; sourceTree = BUILT_PRODUCTS_DIR; };
		4C40755D29BFFF7300B4F42C /* main.cpp */ = {isa = PBXFileReference; lastKnownFileType = sourcecode.cpp.cpp; path = main.cpp; sourceTree = "<group>"; };
		4C40756529C0007E00B4F42C /* OpenGL.framework */ = {isa = PBXFileReference; lastKnownFileType = wrapper.framework; name = OpenGL.framework; path = System/Library/Frameworks/OpenGL.framework; sourceTree = SDKROOT; };
		4C40756729C0008A00B4F42C /* CoreGraphics.framework */ = {isa = PBXFileReference; lastKnownFileType = wrapper.framework; name = CoreGraphics.framework; path = System/Library/Frameworks/CoreGraphics.framework; sourceTree = SDKROOT; };
		4C40756929C0008F00B4F42C /* IOKit.framework */ = {isa = PBXFileReference; lastKnownFileType = wrapper.framework; name = IOKit.framework; path = System/Library/Frameworks/IOKit.framework; sourceTree = SDKROOT; };
		4C40756B29C000A900B4F42C /* libglfw.3.3.dylib */ = {isa = PBXFileReference; lastKnownFileType = "compiled.mach-o.dylib"; name = libglfw.3.3.dylib; path = ../../../../opt/homebrew/Cellar/glfw/3.3.7/lib/libglfw.3.3.dylib; sourceTree = "<group>"; };
		4C40756E29C022C800B4F42C /* Application.h */ = {isa = PBXFileReference; lastKnownFileType = sourcecode.c.h; path = Application.h; sourceTree = "<group>"; };
		4C40756F29C022C800B4F42C /* Application.cpp */ = {isa = PBXFileReference; lastKnownFileType = sourcecode.cpp.cpp; path = Application.cpp; sourceTree = "<group>"; };
		4C40757229C02B4B00B4F42C /* f_stopwatch.h */ = {isa = PBXFileReference; lastKnownFileType = sourcecode.c.h; path = f_stopwatch.h; sourceTree = "<group>"; };
		4C40757329C02B4B00B4F42C /* f_stopwatch.cpp */ = {isa = PBXFileReference; lastKnownFileType = sourcecode.cpp.cpp; path = f_stopwatch.cpp; sourceTree = "<group>"; };
/* End PBXFileReference section */

/* Begin PBXFrameworksBuildPhase section */
		4C40755729BFFF7300B4F42C /* Frameworks */ = {
			isa = PBXFrameworksBuildPhase;
			buildActionMask = 2147483647;
			files = (
				4C40756C29C000A900B4F42C /* libglfw.3.3.dylib in Frameworks */,
				4C40756A29C0008F00B4F42C /* IOKit.framework in Frameworks */,
				4C40756829C0008A00B4F42C /* CoreGraphics.framework in Frameworks */,
				4C40756629C0007E00B4F42C /* OpenGL.framework in Frameworks */,
			);
			runOnlyForDeploymentPostprocessing = 0;
		};
/* End PBXFrameworksBuildPhase section */

/* Begin PBXGroup section */
		4C40755129BFFF7300B4F42C = {
			isa = PBXGroup;
			children = (
				4C40755C29BFFF7300B4F42C /* graphics-library-interface */,
				4C40755B29BFFF7300B4F42C /* Products */,
				4C40756429C0007E00B4F42C /* Frameworks */,
			);
			sourceTree = "<group>";
		};
		4C40755B29BFFF7300B4F42C /* Products */ = {
			isa = PBXGroup;
			children = (
				4C40755A29BFFF7300B4F42C /* graphics-library-interface */,
			);
			name = Products;
			sourceTree = "<group>";
		};
		4C40755C29BFFF7300B4F42C /* graphics-library-interface */ = {
			isa = PBXGroup;
			children = (
				4C40757129C02AF500B4F42C /* util */,
				4C40755D29BFFF7300B4F42C /* main.cpp */,
				4C40756D29C0228500B4F42C /* app */,
			);
			path = "graphics-library-interface";
			sourceTree = "<group>";
		};
		4C40756429C0007E00B4F42C /* Frameworks */ = {
			isa = PBXGroup;
			children = (
				4C40756B29C000A900B4F42C /* libglfw.3.3.dylib */,
				4C40756929C0008F00B4F42C /* IOKit.framework */,
				4C40756729C0008A00B4F42C /* CoreGraphics.framework */,
				4C40756529C0007E00B4F42C /* OpenGL.framework */,
			);
			name = Frameworks;
			sourceTree = "<group>";
		};
		4C40756D29C0228500B4F42C /* app */ = {
			isa = PBXGroup;
			children = (
				4C40756E29C022C800B4F42C /* Application.h */,
				4C40756F29C022C800B4F42C /* Application.cpp */,
			);
			path = app;
			sourceTree = "<group>";
		};
		4C40757129C02AF500B4F42C /* util */ = {
			isa = PBXGroup;
			children = (
				4C40757229C02B4B00B4F42C /* f_stopwatch.h */,
				4C40757329C02B4B00B4F42C /* f_stopwatch.cpp */,
			);
			path = util;
			sourceTree = "<group>";
		};
/* End PBXGroup section */

/* Begin PBXNativeTarget section */
		4C40755929BFFF7300B4F42C /* graphics-library-interface */ = {
			isa = PBXNativeTarget;
			buildConfigurationList = 4C40756129BFFF7300B4F42C /* Build configuration list for PBXNativeTarget "graphics-library-interface" */;
			buildPhases = (
				4C40755629BFFF7300B4F42C /* Sources */,
				4C40755729BFFF7300B4F42C /* Frameworks */,
				4C40755829BFFF7300B4F42C /* CopyFiles */,
			);
			buildRules = (
			);
			dependencies = (
			);
			name = "graphics-library-interface";
			productName = "graphics-library-interface";
			productReference = 4C40755A29BFFF7300B4F42C /* graphics-library-interface */;
			productType = "com.apple.product-type.tool";
		};
/* End PBXNativeTarget section */

/* Begin PBXProject section */
		4C40755229BFFF7300B4F42C /* Project object */ = {
			isa = PBXProject;
			attributes = {
				BuildIndependentTargetsInParallel = 1;
				LastUpgradeCheck = 1340;
				TargetAttributes = {
					4C40755929BFFF7300B4F42C = {
						CreatedOnToolsVersion = 13.4;
					};
				};
			};
			buildConfigurationList = 4C40755529BFFF7300B4F42C /* Build configuration list for PBXProject "graphics-library-interface" */;
			compatibilityVersion = "Xcode 13.0";
			developmentRegion = en;
			hasScannedForEncodings = 0;
			knownRegions = (
				en,
				Base,
			);
			mainGroup = 4C40755129BFFF7300B4F42C;
			productRefGroup = 4C40755B29BFFF7300B4F42C /* Products */;
			projectDirPath = "";
			projectRoot = "";
			targets = (
				4C40755929BFFF7300B4F42C /* graphics-library-interface */,
			);
		};
/* End PBXProject section */

/* Begin PBXSourcesBuildPhase section */
		4C40755629BFFF7300B4F42C /* Sources */ = {
			isa = PBXSourcesBuildPhase;
			buildActionMask = 2147483647;
			files = (
				4C40757029C022C800B4F42C /* Application.cpp in Sources */,
				4C40757429C02B4B00B4F42C /* f_stopwatch.cpp in Sources */,
				4C40755E29BFFF7300B4F42C /* main.cpp in Sources */,
			);
			runOnlyForDeploymentPostprocessing = 0;
		};
/* End PBXSourcesBuildPhase section */

/* Begin XCBuildConfiguration section */
		4C40755F29BFFF7300B4F42C /* Debug */ = {
			isa = XCBuildConfiguration;
			buildSettings = {
				ALWAYS_SEARCH_USER_PATHS = NO;
				CLANG_ANALYZER_NONNULL = YES;
				CLANG_ANALYZER_NUMBER_OBJECT_CONVERSION = YES_AGGRESSIVE;
				CLANG_CXX_LANGUAGE_STANDARD = "gnu++17";
				CLANG_ENABLE_MODULES = YES;
				CLANG_ENABLE_OBJC_ARC = YES;
				CLANG_ENABLE_OBJC_WEAK = YES;
				CLANG_WARN_BLOCK_CAPTURE_AUTORELEASING = YES;
				CLANG_WARN_BOOL_CONVERSION = YES;
				CLANG_WARN_COMMA = YES;
				CLANG_WARN_CONSTANT_CONVERSION = YES;
				CLANG_WARN_DEPRECATED_OBJC_IMPLEMENTATIONS = YES;
				CLANG_WARN_DIRECT_OBJC_ISA_USAGE = YES_ERROR;
				CLANG_WARN_DOCUMENTATION_COMMENTS = YES;
				CLANG_WARN_EMPTY_BODY = YES;
				CLANG_WARN_ENUM_CONVERSION = YES;
				CLANG_WARN_INFINITE_RECURSION = YES;
				CLANG_WARN_INT_CONVERSION = YES;
				CLANG_WARN_NON_LITERAL_NULL_CONVERSION = YES;
				CLANG_WARN_OBJC_IMPLICIT_RETAIN_SELF = YES;
				CLANG_WARN_OBJC_LITERAL_CONVERSION = YES;
				CLANG_WARN_OBJC_ROOT_CLASS = YES_ERROR;
				CLANG_WARN_QUOTED_INCLUDE_IN_FRAMEWORK_HEADER = YES;
				CLANG_WARN_RANGE_LOOP_ANALYSIS = YES;
				CLANG_WARN_STRICT_PROTOTYPES = YES;
				CLANG_WARN_SUSPICIOUS_MOVE = YES;
				CLANG_WARN_UNGUARDED_AVAILABILITY = YES_AGGRESSIVE;
				CLANG_WARN_UNREACHABLE_CODE = YES;
				CLANG_WARN__DUPLICATE_METHOD_MATCH = YES;
				COPY_PHASE_STRIP = NO;
				DEBUG_INFORMATION_FORMAT = dwarf;
				ENABLE_STRICT_OBJC_MSGSEND = YES;
				ENABLE_TESTABILITY = YES;
				GCC_C_LANGUAGE_STANDARD = gnu11;
				GCC_DYNAMIC_NO_PIC = NO;
				GCC_NO_COMMON_BLOCKS = YES;
				GCC_OPTIMIZATION_LEVEL = 0;
				GCC_PREPROCESSOR_DEFINITIONS = (
					"DEBUG=1",
					"$(inherited)",
				);
				GCC_WARN_64_TO_32_BIT_CONVERSION = YES;
				GCC_WARN_ABOUT_RETURN_TYPE = YES_ERROR;
				GCC_WARN_UNDECLARED_SELECTOR = YES;
				GCC_WARN_UNINITIALIZED_AUTOS = YES_AGGRESSIVE;
				GCC_WARN_UNUSED_FUNCTION = YES;
				GCC_WARN_UNUSED_VARIABLE = YES;
				MACOSX_DEPLOYMENT_TARGET = 12.2;
				MTL_ENABLE_DEBUG_INFO = INCLUDE_SOURCE;
				MTL_FAST_MATH = YES;
				ONLY_ACTIVE_ARCH = YES;
				SDKROOT = macosx;
			};
			name = Debug;
		};
		4C40756029BFFF7300B4F42C /* Release */ = {
			isa = XCBuildConfiguration;
			buildSettings = {
				ALWAYS_SEARCH_USER_PATHS = NO;
				CLANG_ANALYZER_NONNULL = YES;
				CLANG_ANALYZER_NUMBER_OBJECT_CONVERSION = YES_AGGRESSIVE;
				CLANG_CXX_LANGUAGE_STANDARD = "gnu++17";
				CLANG_ENABLE_MODULES = YES;
				CLANG_ENABLE_OBJC_ARC = YES;
				CLANG_ENABLE_OBJC_WEAK = YES;
				CLANG_WARN_BLOCK_CAPTURE_AUTORELEASING = YES;
				CLANG_WARN_BOOL_CONVERSION = YES;
				CLANG_WARN_COMMA = YES;
				CLANG_WARN_CONSTANT_CONVERSION = YES;
				CLANG_WARN_DEPRECATED_OBJC_IMPLEMENTATIONS = YES;
				CLANG_WARN_DIRECT_OBJC_ISA_USAGE = YES_ERROR;
				CLANG_WARN_DOCUMENTATION_COMMENTS = YES;
				CLANG_WARN_EMPTY_BODY = YES;
				CLANG_WARN_ENUM_CONVERSION = YES;
				CLANG_WARN_INFINITE_RECURSION = YES;
				CLANG_WARN_INT_CONVERSION = YES;
				CLANG_WARN_NON_LITERAL_NULL_CONVERSION = YES;
				CLANG_WARN_OBJC_IMPLICIT_RETAIN_SELF = YES;
				CLANG_WARN_OBJC_LITERAL_CONVERSION = YES;
				CLANG_WARN_OBJC_ROOT_CLASS = YES_ERROR;
				CLANG_WARN_QUOTED_INCLUDE_IN_FRAMEWORK_HEADER = YES;
				CLANG_WARN_RANGE_LOOP_ANALYSIS = YES;
				CLANG_WARN_STRICT_PROTOTYPES = YES;
				CLANG_WARN_SUSPICIOUS_MOVE = YES;
				CLANG_WARN_UNGUARDED_AVAILABILITY = YES_AGGRESSIVE;
				CLANG_WARN_UNREACHABLE_CODE = YES;
				CLANG_WARN__DUPLICATE_METHOD_MATCH = YES;
				COPY_PHASE_STRIP = NO;
				DEBUG_INFORMATION_FORMAT = "dwarf-with-dsym";
				ENABLE_NS_ASSERTIONS = NO;
				ENABLE_STRICT_OBJC_MSGSEND = YES;
				GCC_C_LANGUAGE_STANDARD = gnu11;
				GCC_NO_COMMON_BLOCKS = YES;
				GCC_WARN_64_TO_32_BIT_CONVERSION = YES;
				GCC_WARN_ABOUT_RETURN_TYPE = YES_ERROR;
				GCC_WARN_UNDECLARED_SELECTOR = YES;
				GCC_WARN_UNINITIALIZED_AUTOS = YES_AGGRESSIVE;
				GCC_WARN_UNUSED_FUNCTION = YES;
				GCC_WARN_UNUSED_VARIABLE = YES;
				MACOSX_DEPLOYMENT_TARGET = 12.2;
				MTL_ENABLE_DEBUG_INFO = NO;
				MTL_FAST_MATH = YES;
				SDKROOT = macosx;
			};
			name = Release;
		};
		4C40756229BFFF7300B4F42C /* Debug */ = {
			isa = XCBuildConfiguration;
			buildSettings = {
				CODE_SIGN_STYLE = Automatic;
				HEADER_SEARCH_PATHS = (
					/usr/local/include,
					usr/local/Cellar/glfw/../include,
					opt/homebrew/Cellar/glfw/../include,
					/opt/homebrew/Cellar/glfw/3.3.7/include,
					/opt/homebrew/Cellar/glm/0.9.9.8/include,
					/opt/homebrew/Cellar/glew/2.2.0_1/include,
					/opt/homebrew/Cellar/glad/include,
				);
				LIBRARY_SEARCH_PATHS = (
					"$(inherited)",
					/opt/homebrew/Cellar/glfw/3.3.7/lib,
				);
				PRODUCT_NAME = "$(TARGET_NAME)";
			};
			name = Debug;
		};
		4C40756329BFFF7300B4F42C /* Release */ = {
			isa = XCBuildConfiguration;
			buildSettings = {
				CODE_SIGN_STYLE = Automatic;
				HEADER_SEARCH_PATHS = (
					/usr/local/include,
					usr/local/Cellar/glfw/../include,
					opt/homebrew/Cellar/glfw/../include,
					/opt/homebrew/Cellar/glfw/3.3.7/include,
					/opt/homebrew/Cellar/glm/0.9.9.8/include,
					/opt/homebrew/Cellar/glew/2.2.0_1/include,
					/opt/homebrew/Cellar/glad/include,
				);
				LIBRARY_SEARCH_PATHS = (
					"$(inherited)",
					/opt/homebrew/Cellar/glfw/3.3.7/lib,
				);
				PRODUCT_NAME = "$(TARGET_NAME)";
			};
			name = Release;
		};
/* End XCBuildConfiguration section */

/* Begin XCConfigurationList section */
		4C40755529BFFF7300B4F42C /* Build configuration list for PBXProject "graphics-library-interface" */ = {
			isa = XCConfigurationList;
			buildConfigurations = (
				4C40755F29BFFF7300B4F42C /* Debug */,
				4C40756029BFFF7300B4F42C /* Release */,
			);
			defaultConfigurationIsVisible = 0;
			defaultConfigurationName = Release;
		};
		4C40756129BFFF7300B4F42C /* Build configuration list for PBXNativeTarget "graphics-library-interface" */ = {
			isa = XCConfigurationList;
			buildConfigurations = (
				4C40756229BFFF7300B4F42C /* Debug */,
				4C40756329BFFF7300B4F42C /* Release */,
			);
			defaultConfigurationIsVisible = 0;
			defaultConfigurationName = Release;
		};
/* End XCConfigurationList section */
	};
	rootObject = 4C40755229BFFF7300B4F42C /* Project object */;
}
